
Microsoft Visual Studio Solution File, Format Version 12.00
# Visual Studio Version 16
VisualStudioVersion = 16.0.29326.143
MinimumVisualStudioVersion = 10.0.40219.1
Project("{FAE04EC0-301F-11D3-BF4B-00C04F79EFBC}") = "OwedFood", "OwedFood\OwedFood.csproj", "{BCC1063E-6D14-43B3-8073-A54723D910E3}"
EndProject
Global
	GlobalSection(SolutionConfigurationPlatforms) = preSolution
		Debug|Any CPU = Debug|Any CPU
		Release|Any CPU = Release|Any CPU
	EndGlobalSection
	GlobalSection(ProjectConfigurationPlatforms) = postSolution
		{BCC1063E-6D14-43B3-8073-A54723D910E3}.Debug|Any CPU.ActiveCfg = Debug|Any CPU
		{BCC1063E-6D14-43B3-8073-A54723D910E3}.Debug|Any CPU.Build.0 = Debug|Any CPU
		{BCC1063E-6D14-43B3-8073-A54723D910E3}.Release|Any CPU.ActiveCfg = Release|Any CPU
		{BCC1063E-6D14-43B3-8073-A54723D910E3}.Release|Any CPU.Build.0 = Release|Any CPU
	EndGlobalSection
	GlobalSection(SolutionProperties) = preSolution
		HideSolutionNode = FALSE
	EndGlobalSection
	GlobalSection(ExtensibilityGlobals) = postSolution
		SolutionGuid = {E268F180-0C79-471C-BA5C-5F3EC2AA2CD6}
	EndGlobalSection
EndGlobal
